
Microsoft Visual Studio Solution File, Format Version 12.00
# Visual Studio Version 16
VisualStudioVersion = 16.0.31727.386
MinimumVisualStudioVersion = 10.0.40219.1
Project("{8BC9CEB8-8B4A-11D0-8D11-00A0C91BC942}") = "IntroductionToOOP", "IntroductionToOOP\IntroductionToOOP.vcxproj", "{0CD55800-561D-4302-8D57-51172A6091BA}"
EndProject
Global
	GlobalSection(SolutionConfigurationPlatforms) = preSolution
		Debug|x64 = Debug|x64
		Debug|x86 = Debug|x86
		Release|x64 = Release|x64
		Release|x86 = Release|x86
	EndGlobalSection
	GlobalSection(ProjectConfigurationPlatforms) = postSolution
		{0CD55800-561D-4302-8D57-51172A6091BA}.Debug|x64.ActiveCfg = Debug|x64
		{0CD55800-561D-4302-8D57-51172A6091BA}.Debug|x64.Build.0 = Debug|x64
		{0CD55800-561D-4302-8D57-51172A6091BA}.Debug|x86.ActiveCfg = Debug|Win32
		{0CD55800-561D-4302-8D57-51172A6091BA}.Debug|x86.Build.0 = Debug|Win32
		{0CD55800-561D-4302-8D57-51172A6091BA}.Release|x64.ActiveCfg = Release|x64
		{0CD55800-561D-4302-8D57-51172A6091BA}.Release|x64.Build.0 = Release|x64
		{0CD55800-561D-4302-8D57-51172A6091BA}.Release|x86.ActiveCfg = Release|Win32
		{0CD55800-561D-4302-8D57-51172A6091BA}.Release|x86.Build.0 = Release|Win32
	EndGlobalSection
	GlobalSection(SolutionProperties) = preSolution
		HideSolutionNode = FALSE
	EndGlobalSection
	GlobalSection(ExtensibilityGlobals) = postSolution
		SolutionGuid = {C329AF4D-6C26-4C6C-8C5B-35C5D546F93A}
	EndGlobalSection
EndGlobal
